
Microsoft Visual Studio Solution File, Format Version 12.00
# Visual Studio Version 17
VisualStudioVersion = 17.4.33103.184
MinimumVisualStudioVersion = 10.0.40219.1
Project("{FAE04EC0-301F-11D3-BF4B-00C04F79EFBC}") = "PAS-CRUD", "PAS-CRUD\PAS-CRUD.csproj", "{088F7E12-7747-4DCE-84C4-8339AE31C51F}"
EndProject
Global
	GlobalSection(SolutionConfigurationPlatforms) = preSolution
		Debug|Any CPU = Debug|Any CPU
		Release|Any CPU = Release|Any CPU
	EndGlobalSection
	GlobalSection(ProjectConfigurationPlatforms) = postSolution
		{088F7E12-7747-4DCE-84C4-8339AE31C51F}.Debug|Any CPU.ActiveCfg = Debug|Any CPU
		{088F7E12-7747-4DCE-84C4-8339AE31C51F}.Debug|Any CPU.Build.0 = Debug|Any CPU
		{088F7E12-7747-4DCE-84C4-8339AE31C51F}.Release|Any CPU.ActiveCfg = Release|Any CPU
		{088F7E12-7747-4DCE-84C4-8339AE31C51F}.Release|Any CPU.Build.0 = Release|Any CPU
	EndGlobalSection
	GlobalSection(SolutionProperties) = preSolution
		HideSolutionNode = FALSE
	EndGlobalSection
	GlobalSection(ExtensibilityGlobals) = postSolution
		SolutionGuid = {0733A05C-7F2A-48CE-8E56-E8B0FF96D5BE}
	EndGlobalSection
EndGlobal
